# @generated - this file is auto-generated by `mise lock` https://mise.jdx.dev/dev-tools/mise-lock.html

lockfile_version = 1

[[tools.gitleaks]]
version = "8.30.0"
backend = "aqua:gitleaks/gitleaks"
specifiers = ["8.30.0"]

[tools.gitleaks."platforms.linux-arm64"]
checksum = "sha256:b4cbbb6ddf7d1b2a603088cd03a4e3f7ce48ee7fd449b51f7de6ee2906f5fa2f"
url = "https://github.com/gitleaks/gitleaks/releases/download/v8.30.0/gitleaks_8.30.0_linux_arm64.tar.gz"
url_api = "https://api.github.com/repos/gitleaks/gitleaks/releases/assets/321137500"

[tools.gitleaks."platforms.linux-arm64-musl"]
checksum = "sha256:b4cbbb6ddf7d1b2a603088cd03a4e3f7ce48ee7fd449b51f7de6ee2906f5fa2f"
url = "https://github.com/gitleaks/gitleaks/releases/download/v8.30.0/gitleaks_8.30.0_linux_arm64.tar.gz"
url_api = "https://api.github.com/repos/gitleaks/gitleaks/releases/assets/321137500"

[tools.gitleaks."platforms.linux-x64"]
checksum = "sha256:79a3ab579b53f71efd634f3aaf7e04a0fa0cf206b7ed434638d1547a2470a66e"
url = "https://github.com/gitleaks/gitleaks/releases/download/v8.30.0/gitleaks_8.30.0_linux_x64.tar.gz"
url_api = "https://api.github.com/repos/gitleaks/gitleaks/releases/assets/321137328"

[tools.gitleaks."platforms.linux-x64-musl"]
checksum = "sha256:79a3ab579b53f71efd634f3aaf7e04a0fa0cf206b7ed434638d1547a2470a66e"
url = "https://github.com/gitleaks/gitleaks/releases/download/v8.30.0/gitleaks_8.30.0_linux_x64.tar.gz"
url_api = "https://api.github.com/repos/gitleaks/gitleaks/releases/assets/321137328"

[tools.gitleaks."platforms.macos-arm64"]
checksum = "sha256:b251ab2bcd4cd8ba9e56ff37698c033ebf38582b477d21ebd86586d927cf87e7"
url = "https://github.com/gitleaks/gitleaks/releases/download/v8.30.0/gitleaks_8.30.0_darwin_arm64.tar.gz"
url_api = "https://api.github.com/repos/gitleaks/gitleaks/releases/assets/321137755"

[tools.gitleaks."platforms.macos-x64"]
checksum = "sha256:ca221d012d247080c2f6f61f4b7a83bffa2453806b0c195c795bbe9a8c775ed5"
url = "https://github.com/gitleaks/gitleaks/releases/download/v8.30.0/gitleaks_8.30.0_darwin_x64.tar.gz"
url_api = "https://api.github.com/repos/gitleaks/gitleaks/releases/assets/321137635"

[tools.gitleaks."platforms.windows-x64"]
checksum = "sha256:54fe94f644b832dd08e8c3a5915efb3bfa862386d59fb27ca0792cb687a83573"
url = "https://github.com/gitleaks/gitleaks/releases/download/v8.30.0/gitleaks_8.30.0_windows_x64.zip"
url_api = "https://api.github.com/repos/gitleaks/gitleaks/releases/assets/321137330"

[[tools.lefthook]]
version = "2.1.11"
backend = "aqua:evilmartians/lefthook"
specifiers = ["2.1.11"]

[tools.lefthook."platforms.linux-arm64"]
checksum = "sha256:94568fb0f7bc62eb7d7b110534f7bb01c5153551a3f364269e742fcfaa0b1c07"
url = "https://github.com/evilmartians/lefthook/releases/download/v2.1.11/lefthook_2.1.11_Linux_aarch64.gz"
url_api = "https://api.github.com/repos/evilmartians/lefthook/releases/assets/523446803"
provenance = "github-attestations"

[tools.lefthook."platforms.linux-arm64-musl"]
checksum = "sha256:94568fb0f7bc62eb7d7b110534f7bb01c5153551a3f364269e742fcfaa0b1c07"
url = "https://github.com/evilmartians/lefthook/releases/download/v2.1.11/lefthook_2.1.11_Linux_aarch64.gz"
url_api = "https://api.github.com/repos/evilmartians/lefthook/releases/assets/523446803"
provenance = "github-attestations"

[tools.lefthook."platforms.linux-x64"]
checksum = "sha256:435aff51fc767a7f135717a4e3e4f3282c15e0a4ca4e2dfd1b54ef8241ee5f3f"
url = "https://github.com/evilmartians/lefthook/releases/download/v2.1.11/lefthook_2.1.11_Linux_x86_64.gz"
url_api = "https://api.github.com/repos/evilmartians/lefthook/releases/assets/523446768"
provenance = "github-attestations"

[tools.lefthook."platforms.linux-x64-musl"]
checksum = "sha256:435aff51fc767a7f135717a4e3e4f3282c15e0a4ca4e2dfd1b54ef8241ee5f3f"
url = "https://github.com/evilmartians/lefthook/releases/download/v2.1.11/lefthook_2.1.11_Linux_x86_64.gz"
url_api = "https://api.github.com/repos/evilmartians/lefthook/releases/assets/523446768"
provenance = "github-attestations"

[tools.lefthook."platforms.macos-arm64"]
checksum = "sha256:2d2b312730f3d900354f5f0eb37abf31ff65a033021be761f25a2eb709c9cdbc"
url = "https://github.com/evilmartians/lefthook/releases/download/v2.1.11/lefthook_2.1.11_MacOS_arm64.gz"
url_api = "https://api.github.com/repos/evilmartians/lefthook/releases/assets/523446757"
provenance = "github-attestations"

[tools.lefthook."platforms.macos-x64"]
checksum = "sha256:b9ab6e5de57b1fdd1ffe77a9d57fbec34539b50481fa5c38f91f19fe5175dcc5"
url = "https://github.com/evilmartians/lefthook/releases/download/v2.1.11/lefthook_2.1.11_MacOS_x86_64.gz"
url_api = "https://api.github.com/repos/evilmartians/lefthook/releases/assets/523446802"
provenance = "github-attestations"

[tools.lefthook."platforms.windows-x64"]
checksum = "sha256:df7fb73aca464e455f66ab231965cfb15aaea4ccd45be4af4f7df908fc4077d2"
url = "https://github.com/evilmartians/lefthook/releases/download/v2.1.11/lefthook_2.1.11_Windows_x86_64.gz"
url_api = "https://api.github.com/repos/evilmartians/lefthook/releases/assets/523446762"
provenance = "github-attestations"

[[tools.node]]
version = "24.15.0"
backend = "core:node"
specifiers = ["24.15.0"]

[tools.node."platforms.linux-arm64"]
checksum = "sha256:73afc234d558c24919875f51c2d1ea002a2ada4ea6f83601a383869fefa64eed"
url = "https://nodejs.org/dist/v24.15.0/node-v24.15.0-linux-arm64.tar.gz"

[tools.node."platforms.linux-arm64-musl"]
checksum = "sha256:31e98aa960a067da91edffd5d93bc46657b5d2a8029612c359f5f2ac0060152a"
url = "https://unofficial-builds.nodejs.org/download/release/v24.15.0/node-v24.15.0-linux-arm64-musl.tar.gz"

[tools.node."platforms.linux-x64"]
checksum = "sha256:44836872d9aec49f1e6b52a9a922872db9a2b02d235a616a5681b6a85fec8d89"
url = "https://nodejs.org/dist/v24.15.0/node-v24.15.0-linux-x64.tar.gz"

[tools.node."platforms.linux-x64-musl"]
checksum = "sha256:f55af5bd489c5347b113ca6594cae00a54b30ba57ac5875324311bfc6f4762e3"
url = "https://unofficial-builds.nodejs.org/download/release/v24.15.0/node-v24.15.0-linux-x64-musl.tar.gz"

[tools.node."platforms.macos-arm64"]
checksum = "sha256:372331b969779ab5d15b949884fc6eaf88d5afe87bde8ba881d6400b9100ffc4"
url = "https://nodejs.org/dist/v24.15.0/node-v24.15.0-darwin-arm64.tar.gz"

[tools.node."platforms.macos-x64"]
checksum = "sha256:ffd5ee293467927f3ee731a553eb88fd1f48cf74eebc2d74a6babe4af228673b"
url = "https://nodejs.org/dist/v24.15.0/node-v24.15.0-darwin-x64.tar.gz"

[tools.node."platforms.windows-x64"]
checksum = "sha256:cc5149eabd53779ce1e7bdc5401643622d0c7e6800ade18928a767e940bb0e62"
url = "https://nodejs.org/dist/v24.15.0/node-v24.15.0-win-x64.zip"

[[tools.pnpm]]
version = "11.21.0"
backend = "aqua:pnpm/pnpm"
specifiers = ["11.21.0"]

[tools.pnpm."platforms.linux-arm64"]
checksum = "sha256:64eb219b008f7a4c176d81fbce919c20b0b7e093e815cbb669d46e681451f43b"
url = "https://github.com/pnpm/pnpm/releases/download/v11.21.0/pnpm-linux-arm64.tar.gz"
url_api = "https://api.github.com/repos/pnpm/pnpm/releases/assets/507585528"
provenance = "github-attestations"

[tools.pnpm."platforms.linux-arm64-musl"]
checksum = "sha256:43587a1f3d26ee009c640378ef377cac3531990579acf0f35646531b7832831d"
url = "https://github.com/pnpm/pnpm/releases/download/v11.21.0/pnpm-linux-arm64-musl.tar.gz"
url_api = "https://api.github.com/repos/pnpm/pnpm/releases/assets/507585511"
provenance = "github-attestations"

[tools.pnpm."platforms.linux-x64"]
checksum = "sha256:aadc489ce4473c2af0fec06a5c19e113b5793d404eac49853c8153bf4b0d8263"
url = "https://github.com/pnpm/pnpm/releases/download/v11.21.0/pnpm-linux-x64.tar.gz"
url_api = "https://api.github.com/repos/pnpm/pnpm/releases/assets/507585503"
provenance = "github-attestations"

[tools.pnpm."platforms.linux-x64-musl"]
checksum = "sha256:8cad0a4d20318c0445d992630ace51edc0853fd259573f50ee5d0216dce9b420"
url = "https://github.com/pnpm/pnpm/releases/download/v11.21.0/pnpm-linux-x64-musl.tar.gz"
url_api = "https://api.github.com/repos/pnpm/pnpm/releases/assets/507585524"
provenance = "github-attestations"

[tools.pnpm."platforms.macos-arm64"]
checksum = "sha256:860a96978a79ca5132bdc247375f94150a3c98edbecbee36e9f8e0c9e2f7f056"
url = "https://github.com/pnpm/pnpm/releases/download/v11.21.0/pnpm-darwin-arm64.tar.gz"
url_api = "https://api.github.com/repos/pnpm/pnpm/releases/assets/507585526"
provenance = "github-attestations"

[tools.pnpm."platforms.windows-x64"]
checksum = "sha256:6643043caa3b01c65c431039926a2af954326d5cefbdb4da7baceceb17f5051f"
url = "https://github.com/pnpm/pnpm/releases/download/v11.21.0/pnpm-win32-x64.zip"
url_api = "https://api.github.com/repos/pnpm/pnpm/releases/assets/507585516"
provenance = "github-attestations"
